
Microsoft Visual Studio Solution File, Format Version 12.00
# Visual Studio Version 16
VisualStudioVersion = 16.0.32106.194
MinimumVisualStudioVersion = 10.0.40219.1
Project("{FAE04EC0-301F-11D3-BF4B-00C04F79EFBC}") = "ServicioWebBDD-A", "ServicioWebBDD-A.csproj", "{DEE4A175-57D2-4DD8-A1C0-25DA0C63DBD7}"
EndProject
Project("{FAE04EC0-301F-11D3-BF4B-00C04F79EFBC}") = "ConsumeServicio", "..\ConsumeServicio\ConsumeServicio.csproj", "{8BCBEA67-A091-47E2-B791-592DB827F30D}"
	ProjectSection(ProjectDependencies) = postProject
		{DEE4A175-57D2-4DD8-A1C0-25DA0C63DBD7} = {DEE4A175-57D2-4DD8-A1C0-25DA0C63DBD7}
	EndProjectSection
EndProject
Global
	GlobalSection(SolutionConfigurationPlatforms) = preSolution
		Debug|Any CPU = Debug|Any CPU
		Release|Any CPU = Release|Any CPU
	EndGlobalSection
	GlobalSection(ProjectConfigurationPlatforms) = postSolution
		{DEE4A175-57D2-4DD8-A1C0-25DA0C63DBD7}.Debug|Any CPU.ActiveCfg = Debug|Any CPU
		{DEE4A175-57D2-4DD8-A1C0-25DA0C63DBD7}.Debug|Any CPU.Build.0 = Debug|Any CPU
		{DEE4A175-57D2-4DD8-A1C0-25DA0C63DBD7}.Release|Any CPU.ActiveCfg = Release|Any CPU
		{DEE4A175-57D2-4DD8-A1C0-25DA0C63DBD7}.Release|Any CPU.Build.0 = Release|Any CPU
		{8BCBEA67-A091-47E2-B791-592DB827F30D}.Debug|Any CPU.ActiveCfg = Debug|Any CPU
		{8BCBEA67-A091-47E2-B791-592DB827F30D}.Debug|Any CPU.Build.0 = Debug|Any CPU
		{8BCBEA67-A091-47E2-B791-592DB827F30D}.Release|Any CPU.ActiveCfg = Release|Any CPU
		{8BCBEA67-A091-47E2-B791-592DB827F30D}.Release|Any CPU.Build.0 = Release|Any CPU
	EndGlobalSection
	GlobalSection(SolutionProperties) = preSolution
		HideSolutionNode = FALSE
	EndGlobalSection
	GlobalSection(ExtensibilityGlobals) = postSolution
		SolutionGuid = {DB91C2B7-9E24-4336-9B2C-89AFE5C0C707}
	EndGlobalSection
EndGlobal
